
Microsoft Visual Studio Solution File, Format Version 12.00
# Visual Studio Version 16
VisualStudioVersion = 16.0.29613.14
MinimumVisualStudioVersion = 10.0.40219.1
Project("{FAE04EC0-301F-11D3-BF4B-00C04F79EFBC}") = "connect plc mitsubisshi to visual studio", "connect plc mitsubisshi to visual studio\connect plc mitsubisshi to visual studio.csproj", "{4E31929B-9F33-4F85-97EC-958DC48E51BC}"
EndProject
Global
	GlobalSection(SolutionConfigurationPlatforms) = preSolution
		Debug|Any CPU = Debug|Any CPU
		Release|Any CPU = Release|Any CPU
	EndGlobalSection
	GlobalSection(ProjectConfigurationPlatforms) = postSolution
		{4E31929B-9F33-4F85-97EC-958DC48E51BC}.Debug|Any CPU.ActiveCfg = Debug|Any CPU
		{4E31929B-9F33-4F85-97EC-958DC48E51BC}.Debug|Any CPU.Build.0 = Debug|Any CPU
		{4E31929B-9F33-4F85-97EC-958DC48E51BC}.Release|Any CPU.ActiveCfg = Release|Any CPU
		{4E31929B-9F33-4F85-97EC-958DC48E51BC}.Release|Any CPU.Build.0 = Release|Any CPU
	EndGlobalSection
	GlobalSection(SolutionProperties) = preSolution
		HideSolutionNode = FALSE
	EndGlobalSection
	GlobalSection(ExtensibilityGlobals) = postSolution
		SolutionGuid = {99BEBBB2-FB41-49A8-BF84-8F13A5739A99}
	EndGlobalSection
EndGlobal
